github.com/nickherrig/go-playground v0.0.0-20201013015544-cf605b6b6521 h1:9E+lvfK3ZFad9awcYgKacekvvLMKPy1+xcjrvUGKS6U=
github.com/nickherrig/go-playground/greetings v0.0.0-20201013015544-cf605b6b6521 h1:vz225S+vqmueSuRk3lIuHKQGAqVkmv84ODdD2HU5SW8=
github.com/nickherrig/go-playground/greetings v0.0.0-20201013015544-cf605b6b6521/go.mod h1:vNGbBQC1eKWm9dRSnB1RqAWPomZ5kyGYLjwPe0+qCYQ=
